// !$*UTF8*$!
{
	archiveVersion = 1;
	classes = {
	};
	objectVersion = 56;
	objects = {

/* Begin PBXBuildFile section */
		8E04E5662A519A72009CBCF2 /* NetworkError.swift in Sources */ = {isa = PBXBuildFile; fileRef = 8E04E5652A519A72009CBCF2 /* NetworkError.swift */; };
		8E04E56C2A51BDFE009CBCF2 /* AlertView.swift in Sources */ = {isa = PBXBuildFile; fileRef = 8E04E56B2A51BDFE009CBCF2 /* AlertView.swift */; };
		8E04E56E2A51C364009CBCF2 /* LibraryTableViewCell.swift in Sources */ = {isa = PBXBuildFile; fileRef = 8E04E56D2A51C364009CBCF2 /* LibraryTableViewCell.swift */; };
		8E04E5712A51D1D3009CBCF2 /* LibraryModel.swift in Sources */ = {isa = PBXBuildFile; fileRef = 8E04E5702A51D1D3009CBCF2 /* LibraryModel.swift */; };
		8EAB59A12A531A370042C4D9 /* ImagePicker.swift in Sources */ = {isa = PBXBuildFile; fileRef = 8EAB59A02A531A370042C4D9 /* ImagePicker.swift */; };
		8ED5A6072A5334F4003303E0 /* MultiArrayFinder.swift in Sources */ = {isa = PBXBuildFile; fileRef = 8ED5A6062A5334F4003303E0 /* MultiArrayFinder.swift */; };
		8EDFCD582A4FF7BD00B21599 /* AppDelegate.swift in Sources */ = {isa = PBXBuildFile; fileRef = 8EDFCD572A4FF7BD00B21599 /* AppDelegate.swift */; };
		8EDFCD5A2A4FF7BD00B21599 /* SceneDelegate.swift in Sources */ = {isa = PBXBuildFile; fileRef = 8EDFCD592A4FF7BD00B21599 /* SceneDelegate.swift */; };
		8EDFCD5C2A4FF7BD00B21599 /* LibraryViewController.swift in Sources */ = {isa = PBXBuildFile; fileRef = 8EDFCD5B2A4FF7BD00B21599 /* LibraryViewController.swift */; };
		8EDFCD612A4FF7BF00B21599 /* Assets.xcassets in Resources */ = {isa = PBXBuildFile; fileRef = 8EDFCD602A4FF7BF00B21599 /* Assets.xcassets */; };
		8EDFCD642A4FF7BF00B21599 /* LaunchScreen.storyboard in Resources */ = {isa = PBXBuildFile; fileRef = 8EDFCD622A4FF7BF00B21599 /* LaunchScreen.storyboard */; };
		8EDFCD702A5002A800B21599 /* LibraryTableView.swift in Sources */ = {isa = PBXBuildFile; fileRef = 8EDFCD6F2A5002A800B21599 /* LibraryTableView.swift */; };
		8EDFCD722A5028FC00B21599 /* NetworkManager.swift in Sources */ = {isa = PBXBuildFile; fileRef = 8EDFCD712A5028FC00B21599 /* NetworkManager.swift */; };
		8EDFCD782A50423400B21599 /* LibraryViewModel.swift in Sources */ = {isa = PBXBuildFile; fileRef = 8EDFCD772A50423400B21599 /* LibraryViewModel.swift */; };
		8EDFCD7C2A50437C00B21599 /* RequestModel.swift in Sources */ = {isa = PBXBuildFile; fileRef = 8EDFCD7B2A50437C00B21599 /* RequestModel.swift */; };
		8EDFCD7F2A5056AC00B21599 /* Constants.swift in Sources */ = {isa = PBXBuildFile; fileRef = 8EDFCD7E2A5056AC00B21599 /* Constants.swift */; };
		8EDFCD812A5056B700B21599 /* Endpoint.swift in Sources */ = {isa = PBXBuildFile; fileRef = 8EDFCD802A5056B700B21599 /* Endpoint.swift */; };
		8EDFCD862A50725500B21599 /* URLQueryParams.swift in Sources */ = {isa = PBXBuildFile; fileRef = 8EDFCD852A50725500B21599 /* URLQueryParams.swift */; };
		8EDFCD892A5072EC00B21599 /* GetPhotoTypesRequest.swift in Sources */ = {isa = PBXBuildFile; fileRef = 8EDFCD882A5072EC00B21599 /* GetPhotoTypesRequest.swift */; };
		8EDFCD8C2A5075BA00B21599 /* NetworkService.swift in Sources */ = {isa = PBXBuildFile; fileRef = 8EDFCD8B2A5075BA00B21599 /* NetworkService.swift */; };
		8EDFCD8F2A5078B900B21599 /* GetPhotoTypeResponse.swift in Sources */ = {isa = PBXBuildFile; fileRef = 8EDFCD8E2A5078B900B21599 /* GetPhotoTypeResponse.swift */; };
		8EF31F422A52CB0100ACAA00 /* UploadPhotoRequest.swift in Sources */ = {isa = PBXBuildFile; fileRef = 8EF31F412A52CB0100ACAA00 /* UploadPhotoRequest.swift */; };
		8EF31F472A52D65300ACAA00 /* Alamofire in Frameworks */ = {isa = PBXBuildFile; productRef = 8EF31F462A52D65300ACAA00 /* Alamofire */; };
/* End PBXBuildFile section */

/* Begin PBXFileReference section */
		8E04E5652A519A72009CBCF2 /* NetworkError.swift */ = {isa = PBXFileReference; lastKnownFileType = sourcecode.swift; path = NetworkError.swift; sourceTree = "<group>"; };
		8E04E56B2A51BDFE009CBCF2 /* AlertView.swift */ = {isa = PBXFileReference; lastKnownFileType = sourcecode.swift; path = AlertView.swift; sourceTree = "<group>"; };
		8E04E56D2A51C364009CBCF2 /* LibraryTableViewCell.swift */ = {isa = PBXFileReference; lastKnownFileType = sourcecode.swift; path = LibraryTableViewCell.swift; sourceTree = "<group>"; };
		8E04E5702A51D1D3009CBCF2 /* LibraryModel.swift */ = {isa = PBXFileReference; lastKnownFileType = sourcecode.swift; path = LibraryModel.swift; sourceTree = "<group>"; };
		8EAB59A02A531A370042C4D9 /* ImagePicker.swift */ = {isa = PBXFileReference; lastKnownFileType = sourcecode.swift; path = ImagePicker.swift; sourceTree = "<group>"; };
		8ED5A6062A5334F4003303E0 /* MultiArrayFinder.swift */ = {isa = PBXFileReference; lastKnownFileType = sourcecode.swift; path = MultiArrayFinder.swift; sourceTree = "<group>"; };
		8EDFCD542A4FF7BD00B21599 /* photo_library.app */ = {isa = PBXFileReference; explicitFileType = wrapper.application; includeInIndex = 0; path = photo_library.app; sourceTree = BUILT_PRODUCTS_DIR; };
		8EDFCD572A4FF7BD00B21599 /* AppDelegate.swift */ = {isa = PBXFileReference; lastKnownFileType = sourcecode.swift; path = AppDelegate.swift; sourceTree = "<group>"; };
		8EDFCD592A4FF7BD00B21599 /* SceneDelegate.swift */ = {isa = PBXFileReference; lastKnownFileType = sourcecode.swift; path = SceneDelegate.swift; sourceTree = "<group>"; };
		8EDFCD5B2A4FF7BD00B21599 /* LibraryViewController.swift */ = {isa = PBXFileReference; lastKnownFileType = sourcecode.swift; path = LibraryViewController.swift; sourceTree = "<group>"; };
		8EDFCD602A4FF7BF00B21599 /* Assets.xcassets */ = {isa = PBXFileReference; lastKnownFileType = folder.assetcatalog; path = Assets.xcassets; sourceTree = "<group>"; };
		8EDFCD632A4FF7BF00B21599 /* Base */ = {isa = PBXFileReference; lastKnownFileType = file.storyboard; name = Base; path = Base.lproj/LaunchScreen.storyboard; sourceTree = "<group>"; };
		8EDFCD652A4FF7BF00B21599 /* Info.plist */ = {isa = PBXFileReference; lastKnownFileType = text.plist.xml; path = Info.plist; sourceTree = "<group>"; };
		8EDFCD6F2A5002A800B21599 /* LibraryTableView.swift */ = {isa = PBXFileReference; lastKnownFileType = sourcecode.swift; path = LibraryTableView.swift; sourceTree = "<group>"; };
		8EDFCD712A5028FC00B21599 /* NetworkManager.swift */ = {isa = PBXFileReference; lastKnownFileType = sourcecode.swift; path = NetworkManager.swift; sourceTree = "<group>"; };
		8EDFCD772A50423400B21599 /* LibraryViewModel.swift */ = {isa = PBXFileReference; lastKnownFileType = sourcecode.swift; path = LibraryViewModel.swift; sourceTree = "<group>"; };
		8EDFCD7B2A50437C00B21599 /* RequestModel.swift */ = {isa = PBXFileReference; lastKnownFileType = sourcecode.swift; path = RequestModel.swift; sourceTree = "<group>"; };
		8EDFCD7E2A5056AC00B21599 /* Constants.swift */ = {isa = PBXFileReference; lastKnownFileType = sourcecode.swift; path = Constants.swift; sourceTree = "<group>"; };
		8EDFCD802A5056B700B21599 /* Endpoint.swift */ = {isa = PBXFileReference; lastKnownFileType = sourcecode.swift; path = Endpoint.swift; sourceTree = "<group>"; };
		8EDFCD852A50725500B21599 /* URLQueryParams.swift */ = {isa = PBXFileReference; lastKnownFileType = sourcecode.swift; path = URLQueryParams.swift; sourceTree = "<group>"; };
		8EDFCD882A5072EC00B21599 /* GetPhotoTypesRequest.swift */ = {isa = PBXFileReference; lastKnownFileType = sourcecode.swift; path = GetPhotoTypesRequest.swift; sourceTree = "<group>"; };
		8EDFCD8B2A5075BA00B21599 /* NetworkService.swift */ = {isa = PBXFileReference; lastKnownFileType = sourcecode.swift; path = NetworkService.swift; sourceTree = "<group>"; };
		8EDFCD8E2A5078B900B21599 /* GetPhotoTypeResponse.swift */ = {isa = PBXFileReference; lastKnownFileType = sourcecode.swift; path = GetPhotoTypeResponse.swift; sourceTree = "<group>"; };
		8EF31F412A52CB0100ACAA00 /* UploadPhotoRequest.swift */ = {isa = PBXFileReference; lastKnownFileType = sourcecode.swift; path = UploadPhotoRequest.swift; sourceTree = "<group>"; };
/* End PBXFileReference section */

/* Begin PBXFrameworksBuildPhase section */
		8EDFCD512A4FF7BD00B21599 /* Frameworks */ = {
			isa = PBXFrameworksBuildPhase;
			buildActionMask = 2147483647;
			files = (
				8EF31F472A52D65300ACAA00 /* Alamofire in Frameworks */,
			);
			runOnlyForDeploymentPostprocessing = 0;
		};
/* End PBXFrameworksBuildPhase section */

/* Begin PBXGroup section */
		8E04E5642A519A66009CBCF2 /* Errors */ = {
			isa = PBXGroup;
			children = (
				8E04E5652A519A72009CBCF2 /* NetworkError.swift */,
			);
			path = Errors;
			sourceTree = "<group>";
		};
		8E04E5692A51BDE8009CBCF2 /* Components */ = {
			isa = PBXGroup;
			children = (
				8E04E56B2A51BDFE009CBCF2 /* AlertView.swift */,
				8EAB59A02A531A370042C4D9 /* ImagePicker.swift */,
			);
			path = Components;
			sourceTree = "<group>";
		};
		8E04E56F2A51CFBE009CBCF2 /* LibraryTableView */ = {
			isa = PBXGroup;
			children = (
				8EDFCD6F2A5002A800B21599 /* LibraryTableView.swift */,
				8E04E56D2A51C364009CBCF2 /* LibraryTableViewCell.swift */,
			);
			path = LibraryTableView;
			sourceTree = "<group>";
		};
		8EDFCD4B2A4FF7BD00B21599 = {
			isa = PBXGroup;
			children = (
				8EDFCD562A4FF7BD00B21599 /* photo_library */,
				8EDFCD552A4FF7BD00B21599 /* Products */,
			);
			sourceTree = "<group>";
		};
		8EDFCD552A4FF7BD00B21599 /* Products */ = {
			isa = PBXGroup;
			children = (
				8EDFCD542A4FF7BD00B21599 /* photo_library.app */,
			);
			name = Products;
			sourceTree = "<group>";
		};
		8EDFCD562A4FF7BD00B21599 /* photo_library */ = {
			isa = PBXGroup;
			children = (
				8EDFCD6B2A4FF7CF00B21599 /* App */,
				8EDFCD7D2A50569B00B21599 /* Helpers */,
				8EDFCD732A50290300B21599 /* Networking */,
				8EDFCD6C2A4FF7DF00B21599 /* Screens */,
				8E04E5692A51BDE8009CBCF2 /* Components */,
				8EDFCD602A4FF7BF00B21599 /* Assets.xcassets */,
				8EDFCD622A4FF7BF00B21599 /* LaunchScreen.storyboard */,
				8EDFCD652A4FF7BF00B21599 /* Info.plist */,
			);
			path = photo_library;
			sourceTree = "<group>";
		};
		8EDFCD6B2A4FF7CF00B21599 /* App */ = {
			isa = PBXGroup;
			children = (
				8EDFCD572A4FF7BD00B21599 /* AppDelegate.swift */,
				8EDFCD592A4FF7BD00B21599 /* SceneDelegate.swift */,
			);
			path = App;
			sourceTree = "<group>";
		};
		8EDFCD6C2A4FF7DF00B21599 /* Screens */ = {
			isa = PBXGroup;
			children = (
				8EDFCD6D2A4FF7E600B21599 /* PhotoLibrary */,
			);
			path = Screens;
			sourceTree = "<group>";
		};
		8EDFCD6D2A4FF7E600B21599 /* PhotoLibrary */ = {
			isa = PBXGroup;
			children = (
				8EDFCD5B2A4FF7BD00B21599 /* LibraryViewController.swift */,
				8EDFCD772A50423400B21599 /* LibraryViewModel.swift */,
				8E04E5702A51D1D3009CBCF2 /* LibraryModel.swift */,
				8E04E56F2A51CFBE009CBCF2 /* LibraryTableView */,
			);
			path = PhotoLibrary;
			sourceTree = "<group>";
		};
		8EDFCD732A50290300B21599 /* Networking */ = {
			isa = PBXGroup;
			children = (
				8EDFCD792A5042D600B21599 /* Manager */,
				8EDFCD8A2A50759900B21599 /* Service */,
				8E04E5642A519A66009CBCF2 /* Errors */,
				8EDFCD7A2A50430B00B21599 /* RequestModel */,
				8EDFCD872A5072CB00B21599 /* Requests */,
				8EDFCD8D2A5078A600B21599 /* Responses */,
			);
			path = Networking;
			sourceTree = "<group>";
		};
		8EDFCD792A5042D600B21599 /* Manager */ = {
			isa = PBXGroup;
			children = (
				8EDFCD712A5028FC00B21599 /* NetworkManager.swift */,
			);
			path = Manager;
			sourceTree = "<group>";
		};
		8EDFCD7A2A50430B00B21599 /* RequestModel */ = {
			isa = PBXGroup;
			children = (
				8EDFCD7B2A50437C00B21599 /* RequestModel.swift */,
			);
			path = RequestModel;
			sourceTree = "<group>";
		};
		8EDFCD7D2A50569B00B21599 /* Helpers */ = {
			isa = PBXGroup;
			children = (
				8EDFCD842A50724500B21599 /* Extensions */,
				8EDFCD7E2A5056AC00B21599 /* Constants.swift */,
				8EDFCD802A5056B700B21599 /* Endpoint.swift */,
			);
			path = Helpers;
			sourceTree = "<group>";
		};
		8EDFCD842A50724500B21599 /* Extensions */ = {
			isa = PBXGroup;
			children = (
				8EDFCD852A50725500B21599 /* URLQueryParams.swift */,
				8ED5A6062A5334F4003303E0 /* MultiArrayFinder.swift */,
			);
			path = Extensions;
			sourceTree = "<group>";
		};
		8EDFCD872A5072CB00B21599 /* Requests */ = {
			isa = PBXGroup;
			children = (
				8EDFCD882A5072EC00B21599 /* GetPhotoTypesRequest.swift */,
				8EF31F412A52CB0100ACAA00 /* UploadPhotoRequest.swift */,
			);
			path = Requests;
			sourceTree = "<group>";
		};
		8EDFCD8A2A50759900B21599 /* Service */ = {
			isa = PBXGroup;
			children = (
				8EDFCD8B2A5075BA00B21599 /* NetworkService.swift */,
			);
			path = Service;
			sourceTree = "<group>";
		};
		8EDFCD8D2A5078A600B21599 /* Responses */ = {
			isa = PBXGroup;
			children = (
				8EDFCD8E2A5078B900B21599 /* GetPhotoTypeResponse.swift */,
			);
			path = Responses;
			sourceTree = "<group>";
		};
/* End PBXGroup section */

/* Begin PBXNativeTarget section */
		8EDFCD532A4FF7BD00B21599 /* photo_library */ = {
			isa = PBXNativeTarget;
			buildConfigurationList = 8EDFCD682A4FF7BF00B21599 /* Build configuration list for PBXNativeTarget "photo_library" */;
			buildPhases = (
				8EDFCD502A4FF7BD00B21599 /* Sources */,
				8EDFCD512A4FF7BD00B21599 /* Frameworks */,
				8EDFCD522A4FF7BD00B21599 /* Resources */,
			);
			buildRules = (
			);
			dependencies = (
			);
			name = photo_library;
			packageProductDependencies = (
				8EF31F462A52D65300ACAA00 /* Alamofire */,
			);
			productName = photo_library;
			productReference = 8EDFCD542A4FF7BD00B21599 /* photo_library.app */;
			productType = "com.apple.product-type.application";
		};
/* End PBXNativeTarget section */

/* Begin PBXProject section */
		8EDFCD4C2A4FF7BD00B21599 /* Project object */ = {
			isa = PBXProject;
			attributes = {
				BuildIndependentTargetsInParallel = 1;
				LastSwiftUpdateCheck = 1420;
				LastUpgradeCheck = 1420;
				TargetAttributes = {
					8EDFCD532A4FF7BD00B21599 = {
						CreatedOnToolsVersion = 14.2;
					};
				};
			};
			buildConfigurationList = 8EDFCD4F2A4FF7BD00B21599 /* Build configuration list for PBXProject "photo_library" */;
			compatibilityVersion = "Xcode 14.0";
			developmentRegion = en;
			hasScannedForEncodings = 0;
			knownRegions = (
				en,
				Base,
			);
			mainGroup = 8EDFCD4B2A4FF7BD00B21599;
			packageReferences = (
				8EF31F452A52D65300ACAA00 /* XCRemoteSwiftPackageReference "Alamofire" */,
			);
			productRefGroup = 8EDFCD552A4FF7BD00B21599 /* Products */;
			projectDirPath = "";
			projectRoot = "";
			targets = (
				8EDFCD532A4FF7BD00B21599 /* photo_library */,
			);
		};
/* End PBXProject section */

/* Begin PBXResourcesBuildPhase section */
		8EDFCD522A4FF7BD00B21599 /* Resources */ = {
			isa = PBXResourcesBuildPhase;
			buildActionMask = 2147483647;
			files = (
				8EDFCD642A4FF7BF00B21599 /* LaunchScreen.storyboard in Resources */,
				8EDFCD612A4FF7BF00B21599 /* Assets.xcassets in Resources */,
			);
			runOnlyForDeploymentPostprocessing = 0;
		};
/* End PBXResourcesBuildPhase section */

/* Begin PBXSourcesBuildPhase section */
		8EDFCD502A4FF7BD00B21599 /* Sources */ = {
			isa = PBXSourcesBuildPhase;
			buildActionMask = 2147483647;
			files = (
				8EAB59A12A531A370042C4D9 /* ImagePicker.swift in Sources */,
				8EDFCD702A5002A800B21599 /* LibraryTableView.swift in Sources */,
				8EF31F422A52CB0100ACAA00 /* UploadPhotoRequest.swift in Sources */,
				8E04E5662A519A72009CBCF2 /* NetworkError.swift in Sources */,
				8EDFCD5C2A4FF7BD00B21599 /* LibraryViewController.swift in Sources */,
				8EDFCD7C2A50437C00B21599 /* RequestModel.swift in Sources */,
				8EDFCD722A5028FC00B21599 /* NetworkManager.swift in Sources */,
				8EDFCD582A4FF7BD00B21599 /* AppDelegate.swift in Sources */,
				8EDFCD892A5072EC00B21599 /* GetPhotoTypesRequest.swift in Sources */,
				8E04E5712A51D1D3009CBCF2 /* LibraryModel.swift in Sources */,
				8EDFCD782A50423400B21599 /* LibraryViewModel.swift in Sources */,
				8ED5A6072A5334F4003303E0 /* MultiArrayFinder.swift in Sources */,
				8EDFCD8F2A5078B900B21599 /* GetPhotoTypeResponse.swift in Sources */,
				8E04E56E2A51C364009CBCF2 /* LibraryTableViewCell.swift in Sources */,
				8E04E56C2A51BDFE009CBCF2 /* AlertView.swift in Sources */,
				8EDFCD5A2A4FF7BD00B21599 /* SceneDelegate.swift in Sources */,
				8EDFCD862A50725500B21599 /* URLQueryParams.swift in Sources */,
				8EDFCD812A5056B700B21599 /* Endpoint.swift in Sources */,
				8EDFCD8C2A5075BA00B21599 /* NetworkService.swift in Sources */,
				8EDFCD7F2A5056AC00B21599 /* Constants.swift in Sources */,
			);
			runOnlyForDeploymentPostprocessing = 0;
		};
/* End PBXSourcesBuildPhase section */

/* Begin PBXVariantGroup section */
		8EDFCD622A4FF7BF00B21599 /* LaunchScreen.storyboard */ = {
			isa = PBXVariantGroup;
			children = (
				8EDFCD632A4FF7BF00B21599 /* Base */,
			);
			name = LaunchScreen.storyboard;
			sourceTree = "<group>";
		};
/* End PBXVariantGroup section */

/* Begin XCBuildConfiguration section */
		8EDFCD662A4FF7BF00B21599 /* Debug */ = {
			isa = XCBuildConfiguration;
			buildSettings = {
				ALWAYS_SEARCH_USER_PATHS = NO;
				CLANG_ANALYZER_NONNULL = YES;
				CLANG_ANALYZER_NUMBER_OBJECT_CONVERSION = YES_AGGRESSIVE;
				CLANG_CXX_LANGUAGE_STANDARD = "gnu++20";
				CLANG_ENABLE_MODULES = YES;
				CLANG_ENABLE_OBJC_ARC = YES;
				CLANG_ENABLE_OBJC_WEAK = YES;
				CLANG_WARN_BLOCK_CAPTURE_AUTORELEASING = YES;
				CLANG_WARN_BOOL_CONVERSION = YES;
				CLANG_WARN_COMMA = YES;
				CLANG_WARN_CONSTANT_CONVERSION = YES;
				CLANG_WARN_DEPRECATED_OBJC_IMPLEMENTATIONS = YES;
				CLANG_WARN_DIRECT_OBJC_ISA_USAGE = YES_ERROR;
				CLANG_WARN_DOCUMENTATION_COMMENTS = YES;
				CLANG_WARN_EMPTY_BODY = YES;
				CLANG_WARN_ENUM_CONVERSION = YES;
				CLANG_WARN_INFINITE_RECURSION = YES;
				CLANG_WARN_INT_CONVERSION = YES;
				CLANG_WARN_NON_LITERAL_NULL_CONVERSION = YES;
				CLANG_WARN_OBJC_IMPLICIT_RETAIN_SELF = YES;
				CLANG_WARN_OBJC_LITERAL_CONVERSION = YES;
				CLANG_WARN_OBJC_ROOT_CLASS = YES_ERROR;
				CLANG_WARN_QUOTED_INCLUDE_IN_FRAMEWORK_HEADER = YES;
				CLANG_WARN_RANGE_LOOP_ANALYSIS = YES;
				CLANG_WARN_STRICT_PROTOTYPES = YES;
				CLANG_WARN_SUSPICIOUS_MOVE = YES;
				CLANG_WARN_UNGUARDED_AVAILABILITY = YES_AGGRESSIVE;
				CLANG_WARN_UNREACHABLE_CODE = YES;
				CLANG_WARN__DUPLICATE_METHOD_MATCH = YES;
				COPY_PHASE_STRIP = NO;
				DEBUG_INFORMATION_FORMAT = dwarf;
				ENABLE_STRICT_OBJC_MSGSEND = YES;
				ENABLE_TESTABILITY = YES;
				GCC_C_LANGUAGE_STANDARD = gnu11;
				GCC_DYNAMIC_NO_PIC = NO;
				GCC_NO_COMMON_BLOCKS = YES;
				GCC_OPTIMIZATION_LEVEL = 0;
				GCC_PREPROCESSOR_DEFINITIONS = (
					"DEBUG=1",
					"$(inherited)",
				);
				GCC_WARN_64_TO_32_BIT_CONVERSION = YES;
				GCC_WARN_ABOUT_RETURN_TYPE = YES_ERROR;
				GCC_WARN_UNDECLARED_SELECTOR = YES;
				GCC_WARN_UNINITIALIZED_AUTOS = YES_AGGRESSIVE;
				GCC_WARN_UNUSED_FUNCTION = YES;
				GCC_WARN_UNUSED_VARIABLE = YES;
				IPHONEOS_DEPLOYMENT_TARGET = 16.2;
				MTL_ENABLE_DEBUG_INFO = INCLUDE_SOURCE;
				MTL_FAST_MATH = YES;
				ONLY_ACTIVE_ARCH = YES;
				SDKROOT = iphoneos;
				SWIFT_ACTIVE_COMPILATION_CONDITIONS = DEBUG;
				SWIFT_OPTIMIZATION_LEVEL = "-Onone";
			};
			name = Debug;
		};
		8EDFCD672A4FF7BF00B21599 /* Release */ = {
			isa = XCBuildConfiguration;
			buildSettings = {
				ALWAYS_SEARCH_USER_PATHS = NO;
				CLANG_ANALYZER_NONNULL = YES;
				CLANG_ANALYZER_NUMBER_OBJECT_CONVERSION = YES_AGGRESSIVE;
				CLANG_CXX_LANGUAGE_STANDARD = "gnu++20";
				CLANG_ENABLE_MODULES = YES;
				CLANG_ENABLE_OBJC_ARC = YES;
				CLANG_ENABLE_OBJC_WEAK = YES;
				CLANG_WARN_BLOCK_CAPTURE_AUTORELEASING = YES;
				CLANG_WARN_BOOL_CONVERSION = YES;
				CLANG_WARN_COMMA = YES;
				CLANG_WARN_CONSTANT_CONVERSION = YES;
				CLANG_WARN_DEPRECATED_OBJC_IMPLEMENTATIONS = YES;
				CLANG_WARN_DIRECT_OBJC_ISA_USAGE = YES_ERROR;
				CLANG_WARN_DOCUMENTATION_COMMENTS = YES;
				CLANG_WARN_EMPTY_BODY = YES;
				CLANG_WARN_ENUM_CONVERSION = YES;
				CLANG_WARN_INFINITE_RECURSION = YES;
				CLANG_WARN_INT_CONVERSION = YES;
				CLANG_WARN_NON_LITERAL_NULL_CONVERSION = YES;
				CLANG_WARN_OBJC_IMPLICIT_RETAIN_SELF = YES;
				CLANG_WARN_OBJC_LITERAL_CONVERSION = YES;
				CLANG_WARN_OBJC_ROOT_CLASS = YES_ERROR;
				CLANG_WARN_QUOTED_INCLUDE_IN_FRAMEWORK_HEADER = YES;
				CLANG_WARN_RANGE_LOOP_ANALYSIS = YES;
				CLANG_WARN_STRICT_PROTOTYPES = YES;
				CLANG_WARN_SUSPICIOUS_MOVE = YES;
				CLANG_WARN_UNGUARDED_AVAILABILITY = YES_AGGRESSIVE;
				CLANG_WARN_UNREACHABLE_CODE = YES;
				CLANG_WARN__DUPLICATE_METHOD_MATCH = YES;
				COPY_PHASE_STRIP = NO;
				DEBUG_INFORMATION_FORMAT = "dwarf-with-dsym";
				ENABLE_NS_ASSERTIONS = NO;
				ENABLE_STRICT_OBJC_MSGSEND = YES;
				GCC_C_LANGUAGE_STANDARD = gnu11;
				GCC_NO_COMMON_BLOCKS = YES;
				GCC_WARN_64_TO_32_BIT_CONVERSION = YES;
				GCC_WARN_ABOUT_RETURN_TYPE = YES_ERROR;
				GCC_WARN_UNDECLARED_SELECTOR = YES;
				GCC_WARN_UNINITIALIZED_AUTOS = YES_AGGRESSIVE;
				GCC_WARN_UNUSED_FUNCTION = YES;
				GCC_WARN_UNUSED_VARIABLE = YES;
				IPHONEOS_DEPLOYMENT_TARGET = 16.2;
				MTL_ENABLE_DEBUG_INFO = NO;
				MTL_FAST_MATH = YES;
				SDKROOT = iphoneos;
				SWIFT_COMPILATION_MODE = wholemodule;
				SWIFT_OPTIMIZATION_LEVEL = "-O";
				VALIDATE_PRODUCT = YES;
			};
			name = Release;
		};
		8EDFCD692A4FF7BF00B21599 /* Debug */ = {
			isa = XCBuildConfiguration;
			buildSettings = {
				ASSETCATALOG_COMPILER_APPICON_NAME = AppIcon;
				ASSETCATALOG_COMPILER_GLOBAL_ACCENT_COLOR_NAME = AccentColor;
				CODE_SIGN_STYLE = Automatic;
				CURRENT_PROJECT_VERSION = 1;
				GENERATE_INFOPLIST_FILE = YES;
				INFOPLIST_FILE = photo_library/Info.plist;
				INFOPLIST_KEY_UIApplicationSupportsIndirectInputEvents = YES;
				INFOPLIST_KEY_UILaunchStoryboardName = LaunchScreen;
				INFOPLIST_KEY_UISupportedInterfaceOrientations_iPad = "UIInterfaceOrientationPortrait UIInterfaceOrientationPortraitUpsideDown UIInterfaceOrientationLandscapeLeft UIInterfaceOrientationLandscapeRight";
				INFOPLIST_KEY_UISupportedInterfaceOrientations_iPhone = "UIInterfaceOrientationPortrait UIInterfaceOrientationLandscapeLeft UIInterfaceOrientationLandscapeRight";
				LD_RUNPATH_SEARCH_PATHS = (
					"$(inherited)",
					"@executable_path/Frameworks",
				);
				MARKETING_VERSION = 1.0;
				PRODUCT_BUNDLE_IDENTIFIER = "arthurKulik.photo-library";
				PRODUCT_NAME = "$(TARGET_NAME)";
				SWIFT_EMIT_LOC_STRINGS = YES;
				SWIFT_VERSION = 5.0;
				TARGETED_DEVICE_FAMILY = "1,2";
			};
			name = Debug;
		};
		8EDFCD6A2A4FF7BF00B21599 /* Release */ = {
			isa = XCBuildConfiguration;
			buildSettings = {
				ASSETCATALOG_COMPILER_APPICON_NAME = AppIcon;
				ASSETCATALOG_COMPILER_GLOBAL_ACCENT_COLOR_NAME = AccentColor;
				CODE_SIGN_STYLE = Automatic;
				CURRENT_PROJECT_VERSION = 1;
				GENERATE_INFOPLIST_FILE = YES;
				INFOPLIST_FILE = photo_library/Info.plist;
				INFOPLIST_KEY_UIApplicationSupportsIndirectInputEvents = YES;
				INFOPLIST_KEY_UILaunchStoryboardName = LaunchScreen;
				INFOPLIST_KEY_UISupportedInterfaceOrientations_iPad = "UIInterfaceOrientationPortrait UIInterfaceOrientationPortraitUpsideDown UIInterfaceOrientationLandscapeLeft UIInterfaceOrientationLandscapeRight";
				INFOPLIST_KEY_UISupportedInterfaceOrientations_iPhone = "UIInterfaceOrientationPortrait UIInterfaceOrientationLandscapeLeft UIInterfaceOrientationLandscapeRight";
				LD_RUNPATH_SEARCH_PATHS = (
					"$(inherited)",
					"@executable_path/Frameworks",
				);
				MARKETING_VERSION = 1.0;
				PRODUCT_BUNDLE_IDENTIFIER = "arthurKulik.photo-library";
				PRODUCT_NAME = "$(TARGET_NAME)";
				SWIFT_EMIT_LOC_STRINGS = YES;
				SWIFT_VERSION = 5.0;
				TARGETED_DEVICE_FAMILY = "1,2";
			};
			name = Release;
		};
/* End XCBuildConfiguration section */

/* Begin XCConfigurationList section */
		8EDFCD4F2A4FF7BD00B21599 /* Build configuration list for PBXProject "photo_library" */ = {
			isa = XCConfigurationList;
			buildConfigurations = (
				8EDFCD662A4FF7BF00B21599 /* Debug */,
				8EDFCD672A4FF7BF00B21599 /* Release */,
			);
			defaultConfigurationIsVisible = 0;
			defaultConfigurationName = Release;
		};
		8EDFCD682A4FF7BF00B21599 /* Build configuration list for PBXNativeTarget "photo_library" */ = {
			isa = XCConfigurationList;
			buildConfigurations = (
				8EDFCD692A4FF7BF00B21599 /* Debug */,
				8EDFCD6A2A4FF7BF00B21599 /* Release */,
			);
			defaultConfigurationIsVisible = 0;
			defaultConfigurationName = Release;
		};
/* End XCConfigurationList section */

/* Begin XCRemoteSwiftPackageReference section */
		8EF31F452A52D65300ACAA00 /* XCRemoteSwiftPackageReference "Alamofire" */ = {
			isa = XCRemoteSwiftPackageReference;
			repositoryURL = "https://github.com/Alamofire/Alamofire.git";
			requirement = {
				kind = upToNextMajorVersion;
				minimumVersion = 5.6.4;
			};
		};
/* End XCRemoteSwiftPackageReference section */

/* Begin XCSwiftPackageProductDependency section */
		8EF31F462A52D65300ACAA00 /* Alamofire */ = {
			isa = XCSwiftPackageProductDependency;
			package = 8EF31F452A52D65300ACAA00 /* XCRemoteSwiftPackageReference "Alamofire" */;
			productName = Alamofire;
		};
/* End XCSwiftPackageProductDependency section */
	};
	rootObject = 8EDFCD4C2A4FF7BD00B21599 /* Project object */;
}
